
Microsoft Visual Studio Solution File, Format Version 12.00
Project("{FAE04EC0-301F-11D3-BF4B-00C04F79EFBC}") = "FTPUpdater", "FTPUpdater\FTPUpdater.csproj", "{A7ED66C1-D28E-4175-BDBC-9A6188BA487D}"
EndProject
Global
	GlobalSection(SolutionConfigurationPlatforms) = preSolution
		Debug|Any CPU = Debug|Any CPU
		Release|Any CPU = Release|Any CPU
	EndGlobalSection
	GlobalSection(ProjectConfigurationPlatforms) = postSolution
		{A7ED66C1-D28E-4175-BDBC-9A6188BA487D}.Debug|Any CPU.ActiveCfg = Debug|Any CPU
		{A7ED66C1-D28E-4175-BDBC-9A6188BA487D}.Debug|Any CPU.Build.0 = Debug|Any CPU
		{A7ED66C1-D28E-4175-BDBC-9A6188BA487D}.Release|Any CPU.ActiveCfg = Release|Any CPU
		{A7ED66C1-D28E-4175-BDBC-9A6188BA487D}.Release|Any CPU.Build.0 = Release|Any CPU
	EndGlobalSection
EndGlobal
